
Microsoft Visual Studio Solution File, Format Version 12.00
# Visual Studio Version 17
VisualStudioVersion = 17.0.31903.59
MinimumVisualStudioVersion = 10.0.40219.1
Project("{9A19103F-16F7-4668-BE54-9A1E7A4F7556}") = "gloomhavensecretariat", "src\ghs\gloomhavensecretariat.csproj", "{0F9F521A-F8E1-4A4E-8EDF-AC965ED19661}"
EndProject
Project("{2150E333-8FDC-42A3-9474-1A3956D46DE8}") = "src", "src", "{6DFA952C-538E-4EEF-BF7E-46008D5973FD}"
EndProject
Project("{2150E333-8FDC-42A3-9474-1A3956D46DE8}") = "pulumi", "pulumi", "{BFFC88DF-CDAA-4C6A-A98D-9D7F2B09BE5D}"
	ProjectSection(SolutionItems) = preProject
		.editorconfig = .editorconfig
		.gitignore = .gitignore
		Pulumi.gloomhavensecretariat.yaml = Pulumi.gloomhavensecretariat.yaml
		Pulumi.test.yaml = Pulumi.test.yaml
		Pulumi.yaml = Pulumi.yaml
		README.md = README.md
	EndProjectSection
EndProject
Project("{2150E333-8FDC-42A3-9474-1A3956D46DE8}") = "ghs-with-caddy", "ghs-with-caddy", "{6A650E7A-EF45-474E-AA8E-8DBF9C6A549B}"
	ProjectSection(SolutionItems) = preProject
		src\ghs-with-caddy\Dockerfile = src\ghs-with-caddy\Dockerfile
		src\ghs-with-caddy\entrypoint.sh = src\ghs-with-caddy\entrypoint.sh
	EndProjectSection
EndProject
Global
	GlobalSection(SolutionConfigurationPlatforms) = preSolution
		Debug|Any CPU = Debug|Any CPU
		Release|Any CPU = Release|Any CPU
	EndGlobalSection
	GlobalSection(ProjectConfigurationPlatforms) = postSolution
		{0F9F521A-F8E1-4A4E-8EDF-AC965ED19661}.Debug|Any CPU.ActiveCfg = Debug|Any CPU
		{0F9F521A-F8E1-4A4E-8EDF-AC965ED19661}.Debug|Any CPU.Build.0 = Debug|Any CPU
		{0F9F521A-F8E1-4A4E-8EDF-AC965ED19661}.Release|Any CPU.ActiveCfg = Release|Any CPU
		{0F9F521A-F8E1-4A4E-8EDF-AC965ED19661}.Release|Any CPU.Build.0 = Release|Any CPU
	EndGlobalSection
	GlobalSection(SolutionProperties) = preSolution
		HideSolutionNode = FALSE
	EndGlobalSection
	GlobalSection(NestedProjects) = preSolution
		{0F9F521A-F8E1-4A4E-8EDF-AC965ED19661} = {6DFA952C-538E-4EEF-BF7E-46008D5973FD}
		{6A650E7A-EF45-474E-AA8E-8DBF9C6A549B} = {6DFA952C-538E-4EEF-BF7E-46008D5973FD}
	EndGlobalSection
	GlobalSection(ExtensibilityGlobals) = postSolution
		SolutionGuid = {9646AB5A-20E0-48D5-8AC8-C0D51794BD09}
	EndGlobalSection
EndGlobal
